
Microsoft Visual Studio Solution File, Format Version 12.00
# Visual Studio 15
VisualStudioVersion = 15.0.28010.2036
MinimumVisualStudioVersion = 10.0.40219.1
Project("{9A19103F-16F7-4668-BE54-9A1E7A4F7556}") = "BankingStarter", "BankingStarter\BankingStarter.csproj", "{BE2851D7-4AFE-43FD-A595-55D0A8D3C4DD}"
EndProject
Project("{FAE04EC0-301F-11D3-BF4B-00C04F79EFBC}") = "BankingStarter.Tests", "BankingStarter.Tests\BankingStarter.Tests.csproj", "{12A9A427-F2AE-4D4B-8F3B-F7439FA5B45F}"
EndProject
Global
	GlobalSection(SolutionConfigurationPlatforms) = preSolution
		Debug|Any CPU = Debug|Any CPU
		Release|Any CPU = Release|Any CPU
	EndGlobalSection
	GlobalSection(ProjectConfigurationPlatforms) = postSolution
		{BE2851D7-4AFE-43FD-A595-55D0A8D3C4DD}.Debug|Any CPU.ActiveCfg = Debug|Any CPU
		{BE2851D7-4AFE-43FD-A595-55D0A8D3C4DD}.Debug|Any CPU.Build.0 = Debug|Any CPU
		{BE2851D7-4AFE-43FD-A595-55D0A8D3C4DD}.Release|Any CPU.ActiveCfg = Release|Any CPU
		{BE2851D7-4AFE-43FD-A595-55D0A8D3C4DD}.Release|Any CPU.Build.0 = Release|Any CPU
		{12A9A427-F2AE-4D4B-8F3B-F7439FA5B45F}.Debug|Any CPU.ActiveCfg = Debug|Any CPU
		{12A9A427-F2AE-4D4B-8F3B-F7439FA5B45F}.Debug|Any CPU.Build.0 = Debug|Any CPU
		{12A9A427-F2AE-4D4B-8F3B-F7439FA5B45F}.Release|Any CPU.ActiveCfg = Release|Any CPU
		{12A9A427-F2AE-4D4B-8F3B-F7439FA5B45F}.Release|Any CPU.Build.0 = Release|Any CPU
	EndGlobalSection
	GlobalSection(SolutionProperties) = preSolution
		HideSolutionNode = FALSE
	EndGlobalSection
	GlobalSection(ExtensibilityGlobals) = postSolution
		SolutionGuid = {2E52294D-608B-4436-9D43-8FF4E111A5D0}
	EndGlobalSection
EndGlobal
